
Microsoft Visual Studio Solution File, Format Version 12.00
# Visual Studio 15
VisualStudioVersion = 15.0.25928.0
MinimumVisualStudioVersion = 10.0.40219.1
Project("{2150E333-8FDC-42A3-9474-1A3956D46DE8}") = "src", "src", "{36145C02-EB00-430D-A805-3EFE74FD91A9}"
EndProject
Project("{FAE04EC0-301F-11D3-BF4B-00C04F79EFBC}") = "starterDating", "src\starterDating\starterDating.csproj", "{9FCB6B22-22E1-4AD0-930E-BF297612C575}"
EndProject
Global
	GlobalSection(SolutionConfigurationPlatforms) = preSolution
		Debug|Any CPU = Debug|Any CPU
		Release|Any CPU = Release|Any CPU
	EndGlobalSection
	GlobalSection(ProjectConfigurationPlatforms) = postSolution
		{9FCB6B22-22E1-4AD0-930E-BF297612C575}.Debug|Any CPU.ActiveCfg = Debug|Any CPU
		{9FCB6B22-22E1-4AD0-930E-BF297612C575}.Debug|Any CPU.Build.0 = Debug|Any CPU
		{9FCB6B22-22E1-4AD0-930E-BF297612C575}.Release|Any CPU.ActiveCfg = Release|Any CPU
		{9FCB6B22-22E1-4AD0-930E-BF297612C575}.Release|Any CPU.Build.0 = Release|Any CPU
	EndGlobalSection
	GlobalSection(SolutionProperties) = preSolution
		HideSolutionNode = FALSE
	EndGlobalSection
	GlobalSection(NestedProjects) = preSolution
		{9FCB6B22-22E1-4AD0-930E-BF297612C575} = {36145C02-EB00-430D-A805-3EFE74FD91A9}
	EndGlobalSection
EndGlobal
